
Microsoft Visual Studio Solution File, Format Version 12.00
# Visual Studio Version 17
VisualStudioVersion = 17.2.32519.379
MinimumVisualStudioVersion = 10.0.40219.1
Project("{FAE04EC0-301F-11D3-BF4B-00C04F79EFBC}") = "WebApiClientSample", "WebApiClientSample\WebApiClientSample.csproj", "{9081F4BE-81CF-4F13-B772-6FF915C91FD2}"
EndProject
Global
	GlobalSection(SolutionConfigurationPlatforms) = preSolution
		Debug|Any CPU = Debug|Any CPU
		Release|Any CPU = Release|Any CPU
	EndGlobalSection
	GlobalSection(ProjectConfigurationPlatforms) = postSolution
		{9081F4BE-81CF-4F13-B772-6FF915C91FD2}.Debug|Any CPU.ActiveCfg = Debug|Any CPU
		{9081F4BE-81CF-4F13-B772-6FF915C91FD2}.Debug|Any CPU.Build.0 = Debug|Any CPU
		{9081F4BE-81CF-4F13-B772-6FF915C91FD2}.Release|Any CPU.ActiveCfg = Release|Any CPU
		{9081F4BE-81CF-4F13-B772-6FF915C91FD2}.Release|Any CPU.Build.0 = Release|Any CPU
	EndGlobalSection
	GlobalSection(SolutionProperties) = preSolution
		HideSolutionNode = FALSE
	EndGlobalSection
	GlobalSection(ExtensibilityGlobals) = postSolution
		SolutionGuid = {11266C23-552B-4592-809B-143B20182C69}
	EndGlobalSection
EndGlobal
