
Microsoft Visual Studio Solution File, Format Version 12.00
# Visual Studio Version 17
VisualStudioVersion = 17.14.36511.14
MinimumVisualStudioVersion = 10.0.40219.1
Project("{FAE04EC0-301F-11D3-BF4B-00C04F79EFBC}") = "ScriptPlayground", "ScriptPlayground\ScriptPlayground.csproj", "{8C5AEF3B-12FA-4FB4-8344-BAF5A0CF966F}"
EndProject
Project("{FAE04EC0-301F-11D3-BF4B-00C04F79EFBC}") = "CustomScripts", "CustomScripts\CustomScripts.csproj", "{ED6EE3B4-998A-4050-9C42-4F5C470AB350}"
EndProject
Project("{FAE04EC0-301F-11D3-BF4B-00C04F79EFBC}") = "CustomScriptsTest", "CustomScriptsTest\CustomScriptsTest.csproj", "{ED52A6FA-4A8F-4FA3-913F-1917B6724A98}"
EndProject
Global
	GlobalSection(SolutionConfigurationPlatforms) = preSolution
		Debug|Any CPU = Debug|Any CPU
		Release|Any CPU = Release|Any CPU
	EndGlobalSection
	GlobalSection(ProjectConfigurationPlatforms) = postSolution
		{8C5AEF3B-12FA-4FB4-8344-BAF5A0CF966F}.Debug|Any CPU.ActiveCfg = Debug|Any CPU
		{8C5AEF3B-12FA-4FB4-8344-BAF5A0CF966F}.Debug|Any CPU.Build.0 = Debug|Any CPU
		{8C5AEF3B-12FA-4FB4-8344-BAF5A0CF966F}.Release|Any CPU.ActiveCfg = Release|Any CPU
		{8C5AEF3B-12FA-4FB4-8344-BAF5A0CF966F}.Release|Any CPU.Build.0 = Release|Any CPU
		{ED6EE3B4-998A-4050-9C42-4F5C470AB350}.Debug|Any CPU.ActiveCfg = Debug|Any CPU
		{ED6EE3B4-998A-4050-9C42-4F5C470AB350}.Debug|Any CPU.Build.0 = Debug|Any CPU
		{ED6EE3B4-998A-4050-9C42-4F5C470AB350}.Release|Any CPU.ActiveCfg = Release|Any CPU
		{ED6EE3B4-998A-4050-9C42-4F5C470AB350}.Release|Any CPU.Build.0 = Release|Any CPU
		{ED52A6FA-4A8F-4FA3-913F-1917B6724A98}.Debug|Any CPU.ActiveCfg = Debug|Any CPU
		{ED52A6FA-4A8F-4FA3-913F-1917B6724A98}.Debug|Any CPU.Build.0 = Debug|Any CPU
		{ED52A6FA-4A8F-4FA3-913F-1917B6724A98}.Release|Any CPU.ActiveCfg = Release|Any CPU
		{ED52A6FA-4A8F-4FA3-913F-1917B6724A98}.Release|Any CPU.Build.0 = Release|Any CPU
	EndGlobalSection
	GlobalSection(SolutionProperties) = preSolution
		HideSolutionNode = FALSE
	EndGlobalSection
	GlobalSection(ExtensibilityGlobals) = postSolution
		SolutionGuid = {389E8B69-180E-449F-B7A2-88BF08D92693}
	EndGlobalSection
EndGlobal
